{
	"name": "uni_basic",
	"lockfileVersion": 2,
	"requires": true,
	"packages": {
		"": {
			"dependencies": {
				"material-symbols": "^0.4.1"
			}
		},
		"node_modules/material-symbols": {
			"version": "0.4.1",
			"resolved": "https://registry.npmmirror.com/material-symbols/-/material-symbols-0.4.1.tgz",
			"integrity": "sha512-rFHdDlN0yzXo46lcUVuJY0ygFcFuzcbvIxWHWUqSPGsBTMb642AOVSPK4BVEx8YG5SMPBO6BRdbnEeFnDjjcHA=="
		}
	},
	"dependencies": {
		"material-symbols": {
			"version": "0.4.1",
			"resolved": "https://registry.npmmirror.com/material-symbols/-/material-symbols-0.4.1.tgz",
			"integrity": "sha512-rFHdDlN0yzXo46lcUVuJY0ygFcFuzcbvIxWHWUqSPGsBTMb642AOVSPK4BVEx8YG5SMPBO6BRdbnEeFnDjjcHA=="
		}
	}
}
